// !$*UTF8*$!
{
	archiveVersion = 1;
	classes = {
	};
	objectVersion = 56;
	objects = {

/* Begin PBXBuildFile section */
		610F6E762B63068D0002F103 /* AppDelegate.swift in Sources */ = {isa = PBXBuildFile; fileRef = 610F6E752B63068D0002F103 /* AppDelegate.swift */; };
		610F6E782B63068D0002F103 /* SceneDelegate.swift in Sources */ = {isa = PBXBuildFile; fileRef = 610F6E772B63068D0002F103 /* SceneDelegate.swift */; };
		610F6E7A2B63068D0002F103 /* ViewController.swift in Sources */ = {isa = PBXBuildFile; fileRef = 610F6E792B63068D0002F103 /* ViewController.swift */; };
		610F6E7D2B63068D0002F103 /* Main.storyboard in Resources */ = {isa = PBXBuildFile; fileRef = 610F6E7B2B63068D0002F103 /* Main.storyboard */; };
		610F6E7F2B63068F0002F103 /* Assets.xcassets in Resources */ = {isa = PBXBuildFile; fileRef = 610F6E7E2B63068F0002F103 /* Assets.xcassets */; };
		610F6E822B63068F0002F103 /* LaunchScreen.storyboard in Resources */ = {isa = PBXBuildFile; fileRef = 610F6E802B63068F0002F103 /* LaunchScreen.storyboard */; };
		610F6E8B2B63080A0002F103 /* Alamofire in Frameworks */ = {isa = PBXBuildFile; productRef = 610F6E8A2B63080A0002F103 /* Alamofire */; };
		610F6E8E2B6308160002F103 /* Kingfisher in Frameworks */ = {isa = PBXBuildFile; productRef = 610F6E8D2B6308160002F103 /* Kingfisher */; };
		610F6E912B6308790002F103 /* NetworkProtocol.swift in Sources */ = {isa = PBXBuildFile; fileRef = 610F6E902B6308790002F103 /* NetworkProtocol.swift */; };
		610F6E932B6308860002F103 /* Network.swift in Sources */ = {isa = PBXBuildFile; fileRef = 610F6E922B6308860002F103 /* Network.swift */; };
/* End PBXBuildFile section */

/* Begin PBXFileReference section */
		610F6E722B63068D0002F103 /* AlbumPhotos.app */ = {isa = PBXFileReference; explicitFileType = wrapper.application; includeInIndex = 0; path = AlbumPhotos.app; sourceTree = BUILT_PRODUCTS_DIR; };
		610F6E752B63068D0002F103 /* AppDelegate.swift */ = {isa = PBXFileReference; lastKnownFileType = sourcecode.swift; path = AppDelegate.swift; sourceTree = "<group>"; };
		610F6E772B63068D0002F103 /* SceneDelegate.swift */ = {isa = PBXFileReference; lastKnownFileType = sourcecode.swift; path = SceneDelegate.swift; sourceTree = "<group>"; };
		610F6E792B63068D0002F103 /* ViewController.swift */ = {isa = PBXFileReference; lastKnownFileType = sourcecode.swift; path = ViewController.swift; sourceTree = "<group>"; };
		610F6E7C2B63068D0002F103 /* Base */ = {isa = PBXFileReference; lastKnownFileType = file.storyboard; name = Base; path = Base.lproj/Main.storyboard; sourceTree = "<group>"; };
		610F6E7E2B63068F0002F103 /* Assets.xcassets */ = {isa = PBXFileReference; lastKnownFileType = folder.assetcatalog; path = Assets.xcassets; sourceTree = "<group>"; };
		610F6E812B63068F0002F103 /* Base */ = {isa = PBXFileReference; lastKnownFileType = file.storyboard; name = Base; path = Base.lproj/LaunchScreen.storyboard; sourceTree = "<group>"; };
		610F6E832B63068F0002F103 /* Info.plist */ = {isa = PBXFileReference; lastKnownFileType = text.plist.xml; path = Info.plist; sourceTree = "<group>"; };
		610F6E902B6308790002F103 /* NetworkProtocol.swift */ = {isa = PBXFileReference; lastKnownFileType = sourcecode.swift; path = NetworkProtocol.swift; sourceTree = "<group>"; };
		610F6E922B6308860002F103 /* Network.swift */ = {isa = PBXFileReference; lastKnownFileType = sourcecode.swift; path = Network.swift; sourceTree = "<group>"; };
/* End PBXFileReference section */

/* Begin PBXFrameworksBuildPhase section */
		610F6E6F2B63068D0002F103 /* Frameworks */ = {
			isa = PBXFrameworksBuildPhase;
			buildActionMask = 2147483647;
			files = (
				610F6E8E2B6308160002F103 /* Kingfisher in Frameworks */,
				610F6E8B2B63080A0002F103 /* Alamofire in Frameworks */,
			);
			runOnlyForDeploymentPostprocessing = 0;
		};
/* End PBXFrameworksBuildPhase section */

/* Begin PBXGroup section */
		610F6E692B63068D0002F103 = {
			isa = PBXGroup;
			children = (
				610F6E742B63068D0002F103 /* AlbumPhotos */,
				610F6E732B63068D0002F103 /* Products */,
			);
			sourceTree = "<group>";
		};
		610F6E732B63068D0002F103 /* Products */ = {
			isa = PBXGroup;
			children = (
				610F6E722B63068D0002F103 /* AlbumPhotos.app */,
			);
			name = Products;
			sourceTree = "<group>";
		};
		610F6E742B63068D0002F103 /* AlbumPhotos */ = {
			isa = PBXGroup;
			children = (
				610F6E962B6308BC0002F103 /* Views */,
				610F6E952B6308B70002F103 /* Modules */,
				610F6E942B6308AE0002F103 /* Models */,
				610F6E8F2B63085C0002F103 /* Service */,
				610F6E752B63068D0002F103 /* AppDelegate.swift */,
				610F6E772B63068D0002F103 /* SceneDelegate.swift */,
				610F6E792B63068D0002F103 /* ViewController.swift */,
				610F6E832B63068F0002F103 /* Info.plist */,
			);
			path = AlbumPhotos;
			sourceTree = "<group>";
		};
		610F6E8F2B63085C0002F103 /* Service */ = {
			isa = PBXGroup;
			children = (
				610F6E902B6308790002F103 /* NetworkProtocol.swift */,
				610F6E922B6308860002F103 /* Network.swift */,
			);
			path = Service;
			sourceTree = "<group>";
		};
		610F6E942B6308AE0002F103 /* Models */ = {
			isa = PBXGroup;
			children = (
			);
			path = Models;
			sourceTree = "<group>";
		};
		610F6E952B6308B70002F103 /* Modules */ = {
			isa = PBXGroup;
			children = (
			);
			path = Modules;
			sourceTree = "<group>";
		};
		610F6E962B6308BC0002F103 /* Views */ = {
			isa = PBXGroup;
			children = (
				610F6E7E2B63068F0002F103 /* Assets.xcassets */,
				610F6E802B63068F0002F103 /* LaunchScreen.storyboard */,
				610F6E7B2B63068D0002F103 /* Main.storyboard */,
			);
			path = Views;
			sourceTree = "<group>";
		};
/* End PBXGroup section */

/* Begin PBXNativeTarget section */
		610F6E712B63068D0002F103 /* AlbumPhotos */ = {
			isa = PBXNativeTarget;
			buildConfigurationList = 610F6E862B63068F0002F103 /* Build configuration list for PBXNativeTarget "AlbumPhotos" */;
			buildPhases = (
				610F6E6E2B63068D0002F103 /* Sources */,
				610F6E6F2B63068D0002F103 /* Frameworks */,
				610F6E702B63068D0002F103 /* Resources */,
			);
			buildRules = (
			);
			dependencies = (
			);
			name = AlbumPhotos;
			packageProductDependencies = (
				610F6E8A2B63080A0002F103 /* Alamofire */,
				610F6E8D2B6308160002F103 /* Kingfisher */,
			);
			productName = AlbumPhotos;
			productReference = 610F6E722B63068D0002F103 /* AlbumPhotos.app */;
			productType = "com.apple.product-type.application";
		};
/* End PBXNativeTarget section */

/* Begin PBXProject section */
		610F6E6A2B63068D0002F103 /* Project object */ = {
			isa = PBXProject;
			attributes = {
				BuildIndependentTargetsInParallel = 1;
				LastSwiftUpdateCheck = 1430;
				LastUpgradeCheck = 1430;
				TargetAttributes = {
					610F6E712B63068D0002F103 = {
						CreatedOnToolsVersion = 14.3.1;
					};
				};
			};
			buildConfigurationList = 610F6E6D2B63068D0002F103 /* Build configuration list for PBXProject "AlbumPhotos" */;
			compatibilityVersion = "Xcode 14.0";
			developmentRegion = en;
			hasScannedForEncodings = 0;
			knownRegions = (
				en,
				Base,
			);
			mainGroup = 610F6E692B63068D0002F103;
			packageReferences = (
				610F6E892B63080A0002F103 /* XCRemoteSwiftPackageReference "Alamofire" */,
				610F6E8C2B6308160002F103 /* XCRemoteSwiftPackageReference "Kingfisher" */,
			);
			productRefGroup = 610F6E732B63068D0002F103 /* Products */;
			projectDirPath = "";
			projectRoot = "";
			targets = (
				610F6E712B63068D0002F103 /* AlbumPhotos */,
			);
		};
/* End PBXProject section */

/* Begin PBXResourcesBuildPhase section */
		610F6E702B63068D0002F103 /* Resources */ = {
			isa = PBXResourcesBuildPhase;
			buildActionMask = 2147483647;
			files = (
				610F6E822B63068F0002F103 /* LaunchScreen.storyboard in Resources */,
				610F6E7F2B63068F0002F103 /* Assets.xcassets in Resources */,
				610F6E7D2B63068D0002F103 /* Main.storyboard in Resources */,
			);
			runOnlyForDeploymentPostprocessing = 0;
		};
/* End PBXResourcesBuildPhase section */

/* Begin PBXSourcesBuildPhase section */
		610F6E6E2B63068D0002F103 /* Sources */ = {
			isa = PBXSourcesBuildPhase;
			buildActionMask = 2147483647;
			files = (
				610F6E932B6308860002F103 /* Network.swift in Sources */,
				610F6E912B6308790002F103 /* NetworkProtocol.swift in Sources */,
				610F6E7A2B63068D0002F103 /* ViewController.swift in Sources */,
				610F6E762B63068D0002F103 /* AppDelegate.swift in Sources */,
				610F6E782B63068D0002F103 /* SceneDelegate.swift in Sources */,
			);
			runOnlyForDeploymentPostprocessing = 0;
		};
/* End PBXSourcesBuildPhase section */

/* Begin PBXVariantGroup section */
		610F6E7B2B63068D0002F103 /* Main.storyboard */ = {
			isa = PBXVariantGroup;
			children = (
				610F6E7C2B63068D0002F103 /* Base */,
			);
			name = Main.storyboard;
			sourceTree = "<group>";
		};
		610F6E802B63068F0002F103 /* LaunchScreen.storyboard */ = {
			isa = PBXVariantGroup;
			children = (
				610F6E812B63068F0002F103 /* Base */,
			);
			name = LaunchScreen.storyboard;
			sourceTree = "<group>";
		};
/* End PBXVariantGroup section */

/* Begin XCBuildConfiguration section */
		610F6E842B63068F0002F103 /* Debug */ = {
			isa = XCBuildConfiguration;
			buildSettings = {
				ALWAYS_SEARCH_USER_PATHS = NO;
				CLANG_ANALYZER_NONNULL = YES;
				CLANG_ANALYZER_NUMBER_OBJECT_CONVERSION = YES_AGGRESSIVE;
				CLANG_CXX_LANGUAGE_STANDARD = "gnu++20";
				CLANG_ENABLE_MODULES = YES;
				CLANG_ENABLE_OBJC_ARC = YES;
				CLANG_ENABLE_OBJC_WEAK = YES;
				CLANG_WARN_BLOCK_CAPTURE_AUTORELEASING = YES;
				CLANG_WARN_BOOL_CONVERSION = YES;
				CLANG_WARN_COMMA = YES;
				CLANG_WARN_CONSTANT_CONVERSION = YES;
				CLANG_WARN_DEPRECATED_OBJC_IMPLEMENTATIONS = YES;
				CLANG_WARN_DIRECT_OBJC_ISA_USAGE = YES_ERROR;
				CLANG_WARN_DOCUMENTATION_COMMENTS = YES;
				CLANG_WARN_EMPTY_BODY = YES;
				CLANG_WARN_ENUM_CONVERSION = YES;
				CLANG_WARN_INFINITE_RECURSION = YES;
				CLANG_WARN_INT_CONVERSION = YES;
				CLANG_WARN_NON_LITERAL_NULL_CONVERSION = YES;
				CLANG_WARN_OBJC_IMPLICIT_RETAIN_SELF = YES;
				CLANG_WARN_OBJC_LITERAL_CONVERSION = YES;
				CLANG_WARN_OBJC_ROOT_CLASS = YES_ERROR;
				CLANG_WARN_QUOTED_INCLUDE_IN_FRAMEWORK_HEADER = YES;
				CLANG_WARN_RANGE_LOOP_ANALYSIS = YES;
				CLANG_WARN_STRICT_PROTOTYPES = YES;
				CLANG_WARN_SUSPICIOUS_MOVE = YES;
				CLANG_WARN_UNGUARDED_AVAILABILITY = YES_AGGRESSIVE;
				CLANG_WARN_UNREACHABLE_CODE = YES;
				CLANG_WARN__DUPLICATE_METHOD_MATCH = YES;
				COPY_PHASE_STRIP = NO;
				DEBUG_INFORMATION_FORMAT = dwarf;
				ENABLE_STRICT_OBJC_MSGSEND = YES;
				ENABLE_TESTABILITY = YES;
				GCC_C_LANGUAGE_STANDARD = gnu11;
				GCC_DYNAMIC_NO_PIC = NO;
				GCC_NO_COMMON_BLOCKS = YES;
				GCC_OPTIMIZATION_LEVEL = 0;
				GCC_PREPROCESSOR_DEFINITIONS = (
					"DEBUG=1",
					"$(inherited)",
				);
				GCC_WARN_64_TO_32_BIT_CONVERSION = YES;
				GCC_WARN_ABOUT_RETURN_TYPE = YES_ERROR;
				GCC_WARN_UNDECLARED_SELECTOR = YES;
				GCC_WARN_UNINITIALIZED_AUTOS = YES_AGGRESSIVE;
				GCC_WARN_UNUSED_FUNCTION = YES;
				GCC_WARN_UNUSED_VARIABLE = YES;
				IPHONEOS_DEPLOYMENT_TARGET = 13.0;
				MTL_ENABLE_DEBUG_INFO = INCLUDE_SOURCE;
				MTL_FAST_MATH = YES;
				ONLY_ACTIVE_ARCH = YES;
				SDKROOT = iphoneos;
				SWIFT_ACTIVE_COMPILATION_CONDITIONS = DEBUG;
				SWIFT_OPTIMIZATION_LEVEL = "-Onone";
			};
			name = Debug;
		};
		610F6E852B63068F0002F103 /* Release */ = {
			isa = XCBuildConfiguration;
			buildSettings = {
				ALWAYS_SEARCH_USER_PATHS = NO;
				CLANG_ANALYZER_NONNULL = YES;
				CLANG_ANALYZER_NUMBER_OBJECT_CONVERSION = YES_AGGRESSIVE;
				CLANG_CXX_LANGUAGE_STANDARD = "gnu++20";
				CLANG_ENABLE_MODULES = YES;
				CLANG_ENABLE_OBJC_ARC = YES;
				CLANG_ENABLE_OBJC_WEAK = YES;
				CLANG_WARN_BLOCK_CAPTURE_AUTORELEASING = YES;
				CLANG_WARN_BOOL_CONVERSION = YES;
				CLANG_WARN_COMMA = YES;
				CLANG_WARN_CONSTANT_CONVERSION = YES;
				CLANG_WARN_DEPRECATED_OBJC_IMPLEMENTATIONS = YES;
				CLANG_WARN_DIRECT_OBJC_ISA_USAGE = YES_ERROR;
				CLANG_WARN_DOCUMENTATION_COMMENTS = YES;
				CLANG_WARN_EMPTY_BODY = YES;
				CLANG_WARN_ENUM_CONVERSION = YES;
				CLANG_WARN_INFINITE_RECURSION = YES;
				CLANG_WARN_INT_CONVERSION = YES;
				CLANG_WARN_NON_LITERAL_NULL_CONVERSION = YES;
				CLANG_WARN_OBJC_IMPLICIT_RETAIN_SELF = YES;
				CLANG_WARN_OBJC_LITERAL_CONVERSION = YES;
				CLANG_WARN_OBJC_ROOT_CLASS = YES_ERROR;
				CLANG_WARN_QUOTED_INCLUDE_IN_FRAMEWORK_HEADER = YES;
				CLANG_WARN_RANGE_LOOP_ANALYSIS = YES;
				CLANG_WARN_STRICT_PROTOTYPES = YES;
				CLANG_WARN_SUSPICIOUS_MOVE = YES;
				CLANG_WARN_UNGUARDED_AVAILABILITY = YES_AGGRESSIVE;
				CLANG_WARN_UNREACHABLE_CODE = YES;
				CLANG_WARN__DUPLICATE_METHOD_MATCH = YES;
				COPY_PHASE_STRIP = NO;
				DEBUG_INFORMATION_FORMAT = "dwarf-with-dsym";
				ENABLE_NS_ASSERTIONS = NO;
				ENABLE_STRICT_OBJC_MSGSEND = YES;
				GCC_C_LANGUAGE_STANDARD = gnu11;
				GCC_NO_COMMON_BLOCKS = YES;
				GCC_WARN_64_TO_32_BIT_CONVERSION = YES;
				GCC_WARN_ABOUT_RETURN_TYPE = YES_ERROR;
				GCC_WARN_UNDECLARED_SELECTOR = YES;
				GCC_WARN_UNINITIALIZED_AUTOS = YES_AGGRESSIVE;
				GCC_WARN_UNUSED_FUNCTION = YES;
				GCC_WARN_UNUSED_VARIABLE = YES;
				IPHONEOS_DEPLOYMENT_TARGET = 13.0;
				MTL_ENABLE_DEBUG_INFO = NO;
				MTL_FAST_MATH = YES;
				SDKROOT = iphoneos;
				SWIFT_COMPILATION_MODE = wholemodule;
				SWIFT_OPTIMIZATION_LEVEL = "-O";
				VALIDATE_PRODUCT = YES;
			};
			name = Release;
		};
		610F6E872B63068F0002F103 /* Debug */ = {
			isa = XCBuildConfiguration;
			buildSettings = {
				ASSETCATALOG_COMPILER_APPICON_NAME = AppIcon;
				ASSETCATALOG_COMPILER_GLOBAL_ACCENT_COLOR_NAME = AccentColor;
				CODE_SIGN_STYLE = Automatic;
				CURRENT_PROJECT_VERSION = 1;
				DEVELOPMENT_TEAM = 3KQ3VPM6R9;
				GENERATE_INFOPLIST_FILE = YES;
				INFOPLIST_FILE = AlbumPhotos/Info.plist;
				INFOPLIST_KEY_UIApplicationSupportsIndirectInputEvents = YES;
				INFOPLIST_KEY_UILaunchStoryboardName = LaunchScreen;
				INFOPLIST_KEY_UIMainStoryboardFile = Main;
				INFOPLIST_KEY_UISupportedInterfaceOrientations_iPad = "UIInterfaceOrientationPortrait UIInterfaceOrientationPortraitUpsideDown UIInterfaceOrientationLandscapeLeft UIInterfaceOrientationLandscapeRight";
				INFOPLIST_KEY_UISupportedInterfaceOrientations_iPhone = "UIInterfaceOrientationPortrait UIInterfaceOrientationLandscapeLeft UIInterfaceOrientationLandscapeRight";
				IPHONEOS_DEPLOYMENT_TARGET = 13.0;
				LD_RUNPATH_SEARCH_PATHS = (
					"$(inherited)",
					"@executable_path/Frameworks",
				);
				MARKETING_VERSION = 1.0;
				PRODUCT_BUNDLE_IDENTIFIER = com.test.AlbumPhotos;
				PRODUCT_NAME = "$(TARGET_NAME)";
				SWIFT_EMIT_LOC_STRINGS = YES;
				SWIFT_VERSION = 5.0;
				TARGETED_DEVICE_FAMILY = "1,2";
			};
			name = Debug;
		};
		610F6E882B63068F0002F103 /* Release */ = {
			isa = XCBuildConfiguration;
			buildSettings = {
				ASSETCATALOG_COMPILER_APPICON_NAME = AppIcon;
				ASSETCATALOG_COMPILER_GLOBAL_ACCENT_COLOR_NAME = AccentColor;
				CODE_SIGN_STYLE = Automatic;
				CURRENT_PROJECT_VERSION = 1;
				DEVELOPMENT_TEAM = 3KQ3VPM6R9;
				GENERATE_INFOPLIST_FILE = YES;
				INFOPLIST_FILE = AlbumPhotos/Info.plist;
				INFOPLIST_KEY_UIApplicationSupportsIndirectInputEvents = YES;
				INFOPLIST_KEY_UILaunchStoryboardName = LaunchScreen;
				INFOPLIST_KEY_UIMainStoryboardFile = Main;
				INFOPLIST_KEY_UISupportedInterfaceOrientations_iPad = "UIInterfaceOrientationPortrait UIInterfaceOrientationPortraitUpsideDown UIInterfaceOrientationLandscapeLeft UIInterfaceOrientationLandscapeRight";
				INFOPLIST_KEY_UISupportedInterfaceOrientations_iPhone = "UIInterfaceOrientationPortrait UIInterfaceOrientationLandscapeLeft UIInterfaceOrientationLandscapeRight";
				IPHONEOS_DEPLOYMENT_TARGET = 13.0;
				LD_RUNPATH_SEARCH_PATHS = (
					"$(inherited)",
					"@executable_path/Frameworks",
				);
				MARKETING_VERSION = 1.0;
				PRODUCT_BUNDLE_IDENTIFIER = com.test.AlbumPhotos;
				PRODUCT_NAME = "$(TARGET_NAME)";
				SWIFT_EMIT_LOC_STRINGS = YES;
				SWIFT_VERSION = 5.0;
				TARGETED_DEVICE_FAMILY = "1,2";
			};
			name = Release;
		};
/* End XCBuildConfiguration section */

/* Begin XCConfigurationList section */
		610F6E6D2B63068D0002F103 /* Build configuration list for PBXProject "AlbumPhotos" */ = {
			isa = XCConfigurationList;
			buildConfigurations = (
				610F6E842B63068F0002F103 /* Debug */,
				610F6E852B63068F0002F103 /* Release */,
			);
			defaultConfigurationIsVisible = 0;
			defaultConfigurationName = Release;
		};
		610F6E862B63068F0002F103 /* Build configuration list for PBXNativeTarget "AlbumPhotos" */ = {
			isa = XCConfigurationList;
			buildConfigurations = (
				610F6E872B63068F0002F103 /* Debug */,
				610F6E882B63068F0002F103 /* Release */,
			);
			defaultConfigurationIsVisible = 0;
			defaultConfigurationName = Release;
		};
/* End XCConfigurationList section */

/* Begin XCRemoteSwiftPackageReference section */
		610F6E892B63080A0002F103 /* XCRemoteSwiftPackageReference "Alamofire" */ = {
			isa = XCRemoteSwiftPackageReference;
			repositoryURL = "https://github.com/Alamofire/Alamofire.git";
			requirement = {
				kind = exactVersion;
				version = 5.0.0;
			};
		};
		610F6E8C2B6308160002F103 /* XCRemoteSwiftPackageReference "Kingfisher" */ = {
			isa = XCRemoteSwiftPackageReference;
			repositoryURL = "https://github.com/onevcat/Kingfisher";
			requirement = {
				kind = upToNextMajorVersion;
				minimumVersion = 7.0.0;
			};
		};
/* End XCRemoteSwiftPackageReference section */

/* Begin XCSwiftPackageProductDependency section */
		610F6E8A2B63080A0002F103 /* Alamofire */ = {
			isa = XCSwiftPackageProductDependency;
			package = 610F6E892B63080A0002F103 /* XCRemoteSwiftPackageReference "Alamofire" */;
			productName = Alamofire;
		};
		610F6E8D2B6308160002F103 /* Kingfisher */ = {
			isa = XCSwiftPackageProductDependency;
			package = 610F6E8C2B6308160002F103 /* XCRemoteSwiftPackageReference "Kingfisher" */;
			productName = Kingfisher;
		};
/* End XCSwiftPackageProductDependency section */
	};
	rootObject = 610F6E6A2B63068D0002F103 /* Project object */;
}
